
Microsoft Visual Studio Solution File, Format Version 12.00
# Visual Studio Version 16
VisualStudioVersion = 16.0.31205.134
MinimumVisualStudioVersion = 10.0.40219.1
Project("{9A19103F-16F7-4668-BE54-9A1E7A4F7556}") = "ApiPaises013", "ApiPaises0.1.3\ApiPaises013.csproj", "{DE514C0F-1441-4B05-8CEE-892138CFF026}"
EndProject
Project("{FAE04EC0-301F-11D3-BF4B-00C04F79EFBC}") = "ApiPaisesTeste", "ApiPaisesTeste\ApiPaisesTeste.csproj", "{B6169E26-4601-47B1-ACBB-1F8BC2D2514C}"
EndProject
Global
	GlobalSection(SolutionConfigurationPlatforms) = preSolution
		Debug|Any CPU = Debug|Any CPU
		Release|Any CPU = Release|Any CPU
	EndGlobalSection
	GlobalSection(ProjectConfigurationPlatforms) = postSolution
		{DE514C0F-1441-4B05-8CEE-892138CFF026}.Debug|Any CPU.ActiveCfg = Debug|Any CPU
		{DE514C0F-1441-4B05-8CEE-892138CFF026}.Debug|Any CPU.Build.0 = Debug|Any CPU
		{DE514C0F-1441-4B05-8CEE-892138CFF026}.Release|Any CPU.ActiveCfg = Release|Any CPU
		{DE514C0F-1441-4B05-8CEE-892138CFF026}.Release|Any CPU.Build.0 = Release|Any CPU
		{B6169E26-4601-47B1-ACBB-1F8BC2D2514C}.Debug|Any CPU.ActiveCfg = Debug|Any CPU
		{B6169E26-4601-47B1-ACBB-1F8BC2D2514C}.Debug|Any CPU.Build.0 = Debug|Any CPU
		{B6169E26-4601-47B1-ACBB-1F8BC2D2514C}.Release|Any CPU.ActiveCfg = Release|Any CPU
		{B6169E26-4601-47B1-ACBB-1F8BC2D2514C}.Release|Any CPU.Build.0 = Release|Any CPU
	EndGlobalSection
	GlobalSection(SolutionProperties) = preSolution
		HideSolutionNode = FALSE
	EndGlobalSection
	GlobalSection(ExtensibilityGlobals) = postSolution
		SolutionGuid = {A2F8BC4C-F50B-4DCE-B1DA-643CB052C0A8}
	EndGlobalSection
EndGlobal
