
Microsoft Visual Studio Solution File, Format Version 12.00
# Visual Studio Version 16
VisualStudioVersion = 16.0.31205.134
MinimumVisualStudioVersion = 10.0.40219.1
Project("{9A19103F-16F7-4668-BE54-9A1E7A4F7556}") = "Iai.Api", "Iai.Api\Iai.Api.csproj", "{940F80B0-9D7A-4BD3-AA6A-3A5543C644CC}"
EndProject
Global
	GlobalSection(SolutionConfigurationPlatforms) = preSolution
		Debug|Any CPU = Debug|Any CPU
		Release|Any CPU = Release|Any CPU
	EndGlobalSection
	GlobalSection(ProjectConfigurationPlatforms) = postSolution
		{940F80B0-9D7A-4BD3-AA6A-3A5543C644CC}.Debug|Any CPU.ActiveCfg = Debug|Any CPU
		{940F80B0-9D7A-4BD3-AA6A-3A5543C644CC}.Debug|Any CPU.Build.0 = Debug|Any CPU
		{940F80B0-9D7A-4BD3-AA6A-3A5543C644CC}.Release|Any CPU.ActiveCfg = Release|Any CPU
		{940F80B0-9D7A-4BD3-AA6A-3A5543C644CC}.Release|Any CPU.Build.0 = Release|Any CPU
	EndGlobalSection
	GlobalSection(SolutionProperties) = preSolution
		HideSolutionNode = FALSE
	EndGlobalSection
	GlobalSection(ExtensibilityGlobals) = postSolution
		SolutionGuid = {CB622354-FBCE-4EE9-B44B-07A88BA463D4}
	EndGlobalSection
EndGlobal
